// !$*UTF8*$!
{
	archiveVersion = 1;
	classes = {
	};
	objectVersion = 56;
	objects = {

/* Begin PBXBuildFile section */
		34BD8A662C7D2A45002C410E /* FruitsApp.swift in Sources */ = {isa = PBXBuildFile; fileRef = 34BD8A652C7D2A45002C410E /* FruitsApp.swift */; };
		34BD8A682C7D2A45002C410E /* ContentView.swift in Sources */ = {isa = PBXBuildFile; fileRef = 34BD8A672C7D2A45002C410E /* ContentView.swift */; };
		34BD8A6A2C7D2A47002C410E /* Assets.xcassets in Resources */ = {isa = PBXBuildFile; fileRef = 34BD8A692C7D2A47002C410E /* Assets.xcassets */; };
		34BD8A6D2C7D2A47002C410E /* Preview Assets.xcassets in Resources */ = {isa = PBXBuildFile; fileRef = 34BD8A6C2C7D2A47002C410E /* Preview Assets.xcassets */; };
		34BD8A762C7D2F9B002C410E /* FruitCardView.swift in Sources */ = {isa = PBXBuildFile; fileRef = 34BD8A752C7D2F9B002C410E /* FruitCardView.swift */; };
		34BD8A782C7D3447002C410E /* StartButtonView.swift in Sources */ = {isa = PBXBuildFile; fileRef = 34BD8A772C7D3447002C410E /* StartButtonView.swift */; };
		34BD8A7A2C7D38AD002C410E /* OnboardingView.swift in Sources */ = {isa = PBXBuildFile; fileRef = 34BD8A792C7D38AD002C410E /* OnboardingView.swift */; };
		34BD8AA62C7E8C5D002C410E /* FruitModel.swift in Sources */ = {isa = PBXBuildFile; fileRef = 34BD8AA52C7E8C5D002C410E /* FruitModel.swift */; };
		34BD8AA92C7E8D48002C410E /* FruitData.swift in Sources */ = {isa = PBXBuildFile; fileRef = 34BD8AA82C7E8D48002C410E /* FruitData.swift */; };
		34BD8AAF2C801C20002C410E /* FruitRowView.swift in Sources */ = {isa = PBXBuildFile; fileRef = 34BD8AAE2C801C20002C410E /* FruitRowView.swift */; };
		34BD8AB72C814A55002C410E /* FruitDetailView.swift in Sources */ = {isa = PBXBuildFile; fileRef = 34BD8AB62C814A55002C410E /* FruitDetailView.swift */; };
		34BD8AB92C814ED8002C410E /* FruitHeaderView.swift in Sources */ = {isa = PBXBuildFile; fileRef = 34BD8AB82C814ED8002C410E /* FruitHeaderView.swift */; };
/* End PBXBuildFile section */

/* Begin PBXFileReference section */
		34BD8A622C7D2A45002C410E /* Fruits.app */ = {isa = PBXFileReference; explicitFileType = wrapper.application; includeInIndex = 0; path = Fruits.app; sourceTree = BUILT_PRODUCTS_DIR; };
		34BD8A652C7D2A45002C410E /* FruitsApp.swift */ = {isa = PBXFileReference; lastKnownFileType = sourcecode.swift; path = FruitsApp.swift; sourceTree = "<group>"; };
		34BD8A672C7D2A45002C410E /* ContentView.swift */ = {isa = PBXFileReference; lastKnownFileType = sourcecode.swift; path = ContentView.swift; sourceTree = "<group>"; };
		34BD8A692C7D2A47002C410E /* Assets.xcassets */ = {isa = PBXFileReference; lastKnownFileType = folder.assetcatalog; path = Assets.xcassets; sourceTree = "<group>"; };
		34BD8A6C2C7D2A47002C410E /* Preview Assets.xcassets */ = {isa = PBXFileReference; lastKnownFileType = folder.assetcatalog; path = "Preview Assets.xcassets"; sourceTree = "<group>"; };
		34BD8A752C7D2F9B002C410E /* FruitCardView.swift */ = {isa = PBXFileReference; lastKnownFileType = sourcecode.swift; path = FruitCardView.swift; sourceTree = "<group>"; };
		34BD8A772C7D3447002C410E /* StartButtonView.swift */ = {isa = PBXFileReference; lastKnownFileType = sourcecode.swift; path = StartButtonView.swift; sourceTree = "<group>"; };
		34BD8A792C7D38AD002C410E /* OnboardingView.swift */ = {isa = PBXFileReference; lastKnownFileType = sourcecode.swift; path = OnboardingView.swift; sourceTree = "<group>"; };
		34BD8AA52C7E8C5D002C410E /* FruitModel.swift */ = {isa = PBXFileReference; lastKnownFileType = sourcecode.swift; path = FruitModel.swift; sourceTree = "<group>"; };
		34BD8AA82C7E8D48002C410E /* FruitData.swift */ = {isa = PBXFileReference; lastKnownFileType = sourcecode.swift; path = FruitData.swift; sourceTree = "<group>"; };
		34BD8AAE2C801C20002C410E /* FruitRowView.swift */ = {isa = PBXFileReference; lastKnownFileType = sourcecode.swift; path = FruitRowView.swift; sourceTree = "<group>"; };
		34BD8AB62C814A55002C410E /* FruitDetailView.swift */ = {isa = PBXFileReference; lastKnownFileType = sourcecode.swift; path = FruitDetailView.swift; sourceTree = "<group>"; };
		34BD8AB82C814ED8002C410E /* FruitHeaderView.swift */ = {isa = PBXFileReference; lastKnownFileType = sourcecode.swift; path = FruitHeaderView.swift; sourceTree = "<group>"; };
/* End PBXFileReference section */

/* Begin PBXFrameworksBuildPhase section */
		34BD8A5F2C7D2A45002C410E /* Frameworks */ = {
			isa = PBXFrameworksBuildPhase;
			buildActionMask = 2147483647;
			files = (
			);
			runOnlyForDeploymentPostprocessing = 0;
		};
/* End PBXFrameworksBuildPhase section */

/* Begin PBXGroup section */
		34BD8A592C7D2A45002C410E = {
			isa = PBXGroup;
			children = (
				34BD8A642C7D2A45002C410E /* Fruits */,
				34BD8A632C7D2A45002C410E /* Products */,
			);
			sourceTree = "<group>";
		};
		34BD8A632C7D2A45002C410E /* Products */ = {
			isa = PBXGroup;
			children = (
				34BD8A622C7D2A45002C410E /* Fruits.app */,
			);
			name = Products;
			sourceTree = "<group>";
		};
		34BD8A642C7D2A45002C410E /* Fruits */ = {
			isa = PBXGroup;
			children = (
				34BD8AA72C7E8D30002C410E /* Data */,
				34BD8AA42C7E8C3B002C410E /* Model */,
				34BD8A742C7D2F81002C410E /* View */,
				34BD8A732C7D2F4A002C410E /* App */,
				34BD8A692C7D2A47002C410E /* Assets.xcassets */,
				34BD8A6B2C7D2A47002C410E /* Preview Content */,
			);
			path = Fruits;
			sourceTree = "<group>";
		};
		34BD8A6B2C7D2A47002C410E /* Preview Content */ = {
			isa = PBXGroup;
			children = (
				34BD8A6C2C7D2A47002C410E /* Preview Assets.xcassets */,
			);
			path = "Preview Content";
			sourceTree = "<group>";
		};
		34BD8A732C7D2F4A002C410E /* App */ = {
			isa = PBXGroup;
			children = (
				34BD8A652C7D2A45002C410E /* FruitsApp.swift */,
				34BD8A672C7D2A45002C410E /* ContentView.swift */,
				34BD8A792C7D38AD002C410E /* OnboardingView.swift */,
			);
			path = App;
			sourceTree = "<group>";
		};
		34BD8A742C7D2F81002C410E /* View */ = {
			isa = PBXGroup;
			children = (
				34BD8A752C7D2F9B002C410E /* FruitCardView.swift */,
				34BD8A772C7D3447002C410E /* StartButtonView.swift */,
				34BD8AAE2C801C20002C410E /* FruitRowView.swift */,
				34BD8AB62C814A55002C410E /* FruitDetailView.swift */,
				34BD8AB82C814ED8002C410E /* FruitHeaderView.swift */,
			);
			path = View;
			sourceTree = "<group>";
		};
		34BD8AA42C7E8C3B002C410E /* Model */ = {
			isa = PBXGroup;
			children = (
				34BD8AA52C7E8C5D002C410E /* FruitModel.swift */,
			);
			path = Model;
			sourceTree = "<group>";
		};
		34BD8AA72C7E8D30002C410E /* Data */ = {
			isa = PBXGroup;
			children = (
				34BD8AA82C7E8D48002C410E /* FruitData.swift */,
			);
			path = Data;
			sourceTree = "<group>";
		};
/* End PBXGroup section */

/* Begin PBXNativeTarget section */
		34BD8A612C7D2A45002C410E /* Fruits */ = {
			isa = PBXNativeTarget;
			buildConfigurationList = 34BD8A702C7D2A47002C410E /* Build configuration list for PBXNativeTarget "Fruits" */;
			buildPhases = (
				34BD8A5E2C7D2A45002C410E /* Sources */,
				34BD8A5F2C7D2A45002C410E /* Frameworks */,
				34BD8A602C7D2A45002C410E /* Resources */,
			);
			buildRules = (
			);
			dependencies = (
			);
			name = Fruits;
			productName = Fruits;
			productReference = 34BD8A622C7D2A45002C410E /* Fruits.app */;
			productType = "com.apple.product-type.application";
		};
/* End PBXNativeTarget section */

/* Begin PBXProject section */
		34BD8A5A2C7D2A45002C410E /* Project object */ = {
			isa = PBXProject;
			attributes = {
				BuildIndependentTargetsInParallel = 1;
				LastSwiftUpdateCheck = 1530;
				LastUpgradeCheck = 1530;
				TargetAttributes = {
					34BD8A612C7D2A45002C410E = {
						CreatedOnToolsVersion = 15.3;
					};
				};
			};
			buildConfigurationList = 34BD8A5D2C7D2A45002C410E /* Build configuration list for PBXProject "Fruits" */;
			compatibilityVersion = "Xcode 14.0";
			developmentRegion = en;
			hasScannedForEncodings = 0;
			knownRegions = (
				en,
				Base,
			);
			mainGroup = 34BD8A592C7D2A45002C410E;
			productRefGroup = 34BD8A632C7D2A45002C410E /* Products */;
			projectDirPath = "";
			projectRoot = "";
			targets = (
				34BD8A612C7D2A45002C410E /* Fruits */,
			);
		};
/* End PBXProject section */

/* Begin PBXResourcesBuildPhase section */
		34BD8A602C7D2A45002C410E /* Resources */ = {
			isa = PBXResourcesBuildPhase;
			buildActionMask = 2147483647;
			files = (
				34BD8A6D2C7D2A47002C410E /* Preview Assets.xcassets in Resources */,
				34BD8A6A2C7D2A47002C410E /* Assets.xcassets in Resources */,
			);
			runOnlyForDeploymentPostprocessing = 0;
		};
/* End PBXResourcesBuildPhase section */

/* Begin PBXSourcesBuildPhase section */
		34BD8A5E2C7D2A45002C410E /* Sources */ = {
			isa = PBXSourcesBuildPhase;
			buildActionMask = 2147483647;
			files = (
				34BD8AA92C7E8D48002C410E /* FruitData.swift in Sources */,
				34BD8A682C7D2A45002C410E /* ContentView.swift in Sources */,
				34BD8AAF2C801C20002C410E /* FruitRowView.swift in Sources */,
				34BD8A782C7D3447002C410E /* StartButtonView.swift in Sources */,
				34BD8AB72C814A55002C410E /* FruitDetailView.swift in Sources */,
				34BD8A662C7D2A45002C410E /* FruitsApp.swift in Sources */,
				34BD8AB92C814ED8002C410E /* FruitHeaderView.swift in Sources */,
				34BD8A7A2C7D38AD002C410E /* OnboardingView.swift in Sources */,
				34BD8AA62C7E8C5D002C410E /* FruitModel.swift in Sources */,
				34BD8A762C7D2F9B002C410E /* FruitCardView.swift in Sources */,
			);
			runOnlyForDeploymentPostprocessing = 0;
		};
/* End PBXSourcesBuildPhase section */

/* Begin XCBuildConfiguration section */
		34BD8A6E2C7D2A47002C410E /* Debug */ = {
			isa = XCBuildConfiguration;
			buildSettings = {
				ALWAYS_SEARCH_USER_PATHS = NO;
				ASSETCATALOG_COMPILER_GENERATE_SWIFT_ASSET_SYMBOL_EXTENSIONS = YES;
				CLANG_ANALYZER_NONNULL = YES;
				CLANG_ANALYZER_NUMBER_OBJECT_CONVERSION = YES_AGGRESSIVE;
				CLANG_CXX_LANGUAGE_STANDARD = "gnu++20";
				CLANG_ENABLE_MODULES = YES;
				CLANG_ENABLE_OBJC_ARC = YES;
				CLANG_ENABLE_OBJC_WEAK = YES;
				CLANG_WARN_BLOCK_CAPTURE_AUTORELEASING = YES;
				CLANG_WARN_BOOL_CONVERSION = YES;
				CLANG_WARN_COMMA = YES;
				CLANG_WARN_CONSTANT_CONVERSION = YES;
				CLANG_WARN_DEPRECATED_OBJC_IMPLEMENTATIONS = YES;
				CLANG_WARN_DIRECT_OBJC_ISA_USAGE = YES_ERROR;
				CLANG_WARN_DOCUMENTATION_COMMENTS = YES;
				CLANG_WARN_EMPTY_BODY = YES;
				CLANG_WARN_ENUM_CONVERSION = YES;
				CLANG_WARN_INFINITE_RECURSION = YES;
				CLANG_WARN_INT_CONVERSION = YES;
				CLANG_WARN_NON_LITERAL_NULL_CONVERSION = YES;
				CLANG_WARN_OBJC_IMPLICIT_RETAIN_SELF = YES;
				CLANG_WARN_OBJC_LITERAL_CONVERSION = YES;
				CLANG_WARN_OBJC_ROOT_CLASS = YES_ERROR;
				CLANG_WARN_QUOTED_INCLUDE_IN_FRAMEWORK_HEADER = YES;
				CLANG_WARN_RANGE_LOOP_ANALYSIS = YES;
				CLANG_WARN_STRICT_PROTOTYPES = YES;
				CLANG_WARN_SUSPICIOUS_MOVE = YES;
				CLANG_WARN_UNGUARDED_AVAILABILITY = YES_AGGRESSIVE;
				CLANG_WARN_UNREACHABLE_CODE = YES;
				CLANG_WARN__DUPLICATE_METHOD_MATCH = YES;
				COPY_PHASE_STRIP = NO;
				DEBUG_INFORMATION_FORMAT = dwarf;
				ENABLE_STRICT_OBJC_MSGSEND = YES;
				ENABLE_TESTABILITY = YES;
				ENABLE_USER_SCRIPT_SANDBOXING = YES;
				GCC_C_LANGUAGE_STANDARD = gnu17;
				GCC_DYNAMIC_NO_PIC = NO;
				GCC_NO_COMMON_BLOCKS = YES;
				GCC_OPTIMIZATION_LEVEL = 0;
				GCC_PREPROCESSOR_DEFINITIONS = (
					"DEBUG=1",
					"$(inherited)",
				);
				GCC_WARN_64_TO_32_BIT_CONVERSION = YES;
				GCC_WARN_ABOUT_RETURN_TYPE = YES_ERROR;
				GCC_WARN_UNDECLARED_SELECTOR = YES;
				GCC_WARN_UNINITIALIZED_AUTOS = YES_AGGRESSIVE;
				GCC_WARN_UNUSED_FUNCTION = YES;
				GCC_WARN_UNUSED_VARIABLE = YES;
				IPHONEOS_DEPLOYMENT_TARGET = 17.4;
				LOCALIZATION_PREFERS_STRING_CATALOGS = YES;
				MTL_ENABLE_DEBUG_INFO = INCLUDE_SOURCE;
				MTL_FAST_MATH = YES;
				ONLY_ACTIVE_ARCH = YES;
				SDKROOT = iphoneos;
				SWIFT_ACTIVE_COMPILATION_CONDITIONS = "DEBUG $(inherited)";
				SWIFT_OPTIMIZATION_LEVEL = "-Onone";
			};
			name = Debug;
		};
		34BD8A6F2C7D2A47002C410E /* Release */ = {
			isa = XCBuildConfiguration;
			buildSettings = {
				ALWAYS_SEARCH_USER_PATHS = NO;
				ASSETCATALOG_COMPILER_GENERATE_SWIFT_ASSET_SYMBOL_EXTENSIONS = YES;
				CLANG_ANALYZER_NONNULL = YES;
				CLANG_ANALYZER_NUMBER_OBJECT_CONVERSION = YES_AGGRESSIVE;
				CLANG_CXX_LANGUAGE_STANDARD = "gnu++20";
				CLANG_ENABLE_MODULES = YES;
				CLANG_ENABLE_OBJC_ARC = YES;
				CLANG_ENABLE_OBJC_WEAK = YES;
				CLANG_WARN_BLOCK_CAPTURE_AUTORELEASING = YES;
				CLANG_WARN_BOOL_CONVERSION = YES;
				CLANG_WARN_COMMA = YES;
				CLANG_WARN_CONSTANT_CONVERSION = YES;
				CLANG_WARN_DEPRECATED_OBJC_IMPLEMENTATIONS = YES;
				CLANG_WARN_DIRECT_OBJC_ISA_USAGE = YES_ERROR;
				CLANG_WARN_DOCUMENTATION_COMMENTS = YES;
				CLANG_WARN_EMPTY_BODY = YES;
				CLANG_WARN_ENUM_CONVERSION = YES;
				CLANG_WARN_INFINITE_RECURSION = YES;
				CLANG_WARN_INT_CONVERSION = YES;
				CLANG_WARN_NON_LITERAL_NULL_CONVERSION = YES;
				CLANG_WARN_OBJC_IMPLICIT_RETAIN_SELF = YES;
				CLANG_WARN_OBJC_LITERAL_CONVERSION = YES;
				CLANG_WARN_OBJC_ROOT_CLASS = YES_ERROR;
				CLANG_WARN_QUOTED_INCLUDE_IN_FRAMEWORK_HEADER = YES;
				CLANG_WARN_RANGE_LOOP_ANALYSIS = YES;
				CLANG_WARN_STRICT_PROTOTYPES = YES;
				CLANG_WARN_SUSPICIOUS_MOVE = YES;
				CLANG_WARN_UNGUARDED_AVAILABILITY = YES_AGGRESSIVE;
				CLANG_WARN_UNREACHABLE_CODE = YES;
				CLANG_WARN__DUPLICATE_METHOD_MATCH = YES;
				COPY_PHASE_STRIP = NO;
				DEBUG_INFORMATION_FORMAT = "dwarf-with-dsym";
				ENABLE_NS_ASSERTIONS = NO;
				ENABLE_STRICT_OBJC_MSGSEND = YES;
				ENABLE_USER_SCRIPT_SANDBOXING = YES;
				GCC_C_LANGUAGE_STANDARD = gnu17;
				GCC_NO_COMMON_BLOCKS = YES;
				GCC_WARN_64_TO_32_BIT_CONVERSION = YES;
				GCC_WARN_ABOUT_RETURN_TYPE = YES_ERROR;
				GCC_WARN_UNDECLARED_SELECTOR = YES;
				GCC_WARN_UNINITIALIZED_AUTOS = YES_AGGRESSIVE;
				GCC_WARN_UNUSED_FUNCTION = YES;
				GCC_WARN_UNUSED_VARIABLE = YES;
				IPHONEOS_DEPLOYMENT_TARGET = 17.4;
				LOCALIZATION_PREFERS_STRING_CATALOGS = YES;
				MTL_ENABLE_DEBUG_INFO = NO;
				MTL_FAST_MATH = YES;
				SDKROOT = iphoneos;
				SWIFT_COMPILATION_MODE = wholemodule;
				VALIDATE_PRODUCT = YES;
			};
			name = Release;
		};
		34BD8A712C7D2A47002C410E /* Debug */ = {
			isa = XCBuildConfiguration;
			buildSettings = {
				ASSETCATALOG_COMPILER_APPICON_NAME = AppIcon;
				ASSETCATALOG_COMPILER_GLOBAL_ACCENT_COLOR_NAME = AccentColor;
				CODE_SIGN_STYLE = Automatic;
				CURRENT_PROJECT_VERSION = 1;
				DEVELOPMENT_ASSET_PATHS = "\"Fruits/Preview Content\"";
				DEVELOPMENT_TEAM = B8C453N3ZW;
				ENABLE_PREVIEWS = YES;
				GENERATE_INFOPLIST_FILE = YES;
				INFOPLIST_KEY_UIApplicationSceneManifest_Generation = YES;
				INFOPLIST_KEY_UIApplicationSupportsIndirectInputEvents = YES;
				INFOPLIST_KEY_UILaunchScreen_Generation = YES;
				INFOPLIST_KEY_UISupportedInterfaceOrientations = UIInterfaceOrientationPortrait;
				INFOPLIST_KEY_UISupportedInterfaceOrientations_iPad = "UIInterfaceOrientationLandscapeLeft UIInterfaceOrientationLandscapeRight UIInterfaceOrientationPortrait UIInterfaceOrientationPortraitUpsideDown";
				LD_RUNPATH_SEARCH_PATHS = (
					"$(inherited)",
					"@executable_path/Frameworks",
				);
				MARKETING_VERSION = 1.0;
				PRODUCT_BUNDLE_IDENTIFIER = co.giftedbookstore.Fruits;
				PRODUCT_NAME = "$(TARGET_NAME)";
				SWIFT_EMIT_LOC_STRINGS = YES;
				SWIFT_VERSION = 5.0;
				TARGETED_DEVICE_FAMILY = "1,2";
			};
			name = Debug;
		};
		34BD8A722C7D2A47002C410E /* Release */ = {
			isa = XCBuildConfiguration;
			buildSettings = {
				ASSETCATALOG_COMPILER_APPICON_NAME = AppIcon;
				ASSETCATALOG_COMPILER_GLOBAL_ACCENT_COLOR_NAME = AccentColor;
				CODE_SIGN_STYLE = Automatic;
				CURRENT_PROJECT_VERSION = 1;
				DEVELOPMENT_ASSET_PATHS = "\"Fruits/Preview Content\"";
				DEVELOPMENT_TEAM = B8C453N3ZW;
				ENABLE_PREVIEWS = YES;
				GENERATE_INFOPLIST_FILE = YES;
				INFOPLIST_KEY_UIApplicationSceneManifest_Generation = YES;
				INFOPLIST_KEY_UIApplicationSupportsIndirectInputEvents = YES;
				INFOPLIST_KEY_UILaunchScreen_Generation = YES;
				INFOPLIST_KEY_UISupportedInterfaceOrientations = UIInterfaceOrientationPortrait;
				INFOPLIST_KEY_UISupportedInterfaceOrientations_iPad = "UIInterfaceOrientationLandscapeLeft UIInterfaceOrientationLandscapeRight UIInterfaceOrientationPortrait UIInterfaceOrientationPortraitUpsideDown";
				LD_RUNPATH_SEARCH_PATHS = (
					"$(inherited)",
					"@executable_path/Frameworks",
				);
				MARKETING_VERSION = 1.0;
				PRODUCT_BUNDLE_IDENTIFIER = co.giftedbookstore.Fruits;
				PRODUCT_NAME = "$(TARGET_NAME)";
				SWIFT_EMIT_LOC_STRINGS = YES;
				SWIFT_VERSION = 5.0;
				TARGETED_DEVICE_FAMILY = "1,2";
			};
			name = Release;
		};
/* End XCBuildConfiguration section */

/* Begin XCConfigurationList section */
		34BD8A5D2C7D2A45002C410E /* Build configuration list for PBXProject "Fruits" */ = {
			isa = XCConfigurationList;
			buildConfigurations = (
				34BD8A6E2C7D2A47002C410E /* Debug */,
				34BD8A6F2C7D2A47002C410E /* Release */,
			);
			defaultConfigurationIsVisible = 0;
			defaultConfigurationName = Release;
		};
		34BD8A702C7D2A47002C410E /* Build configuration list for PBXNativeTarget "Fruits" */ = {
			isa = XCConfigurationList;
			buildConfigurations = (
				34BD8A712C7D2A47002C410E /* Debug */,
				34BD8A722C7D2A47002C410E /* Release */,
			);
			defaultConfigurationIsVisible = 0;
			defaultConfigurationName = Release;
		};
/* End XCConfigurationList section */
	};
	rootObject = 34BD8A5A2C7D2A45002C410E /* Project object */;
}
